
Microsoft Visual Studio Solution File, Format Version 12.00
# Visual Studio Version 17
VisualStudioVersion = 17.11.35312.102
MinimumVisualStudioVersion = 10.0.40219.1
Project("{FAE04EC0-301F-11D3-BF4B-00C04F79EFBC}") = "CoursSoutien.API", "CoursSoutien\CoursSoutien.API.csproj", "{BD8FEF06-8AEC-4C38-B223-B1A0418AF160}"
EndProject
Project("{FAE04EC0-301F-11D3-BF4B-00C04F79EFBC}") = "CoursSoutien.Infrastructure", "CoursSoutien.Infrastructure\CoursSoutien.Infrastructure.csproj", "{273295FA-10E1-4D0E-80A7-0D79AE8F08E8}"
EndProject
Project("{FAE04EC0-301F-11D3-BF4B-00C04F79EFBC}") = "CoursSoutien.Domain", "CoursSoutien.Domain\CoursSoutien.Domain.csproj", "{309A789E-A196-4862-A471-516109F68A41}"
EndProject
Project("{FAE04EC0-301F-11D3-BF4B-00C04F79EFBC}") = "CoursSoutien.Application", "CoursSoutien.Application\CoursSoutien.Application.csproj", "{B30EF611-8B04-49C4-A745-D67D02B3E54E}"
EndProject
Global
	GlobalSection(SolutionConfigurationPlatforms) = preSolution
		Debug|Any CPU = Debug|Any CPU
		Release|Any CPU = Release|Any CPU
	EndGlobalSection
	GlobalSection(ProjectConfigurationPlatforms) = postSolution
		{BD8FEF06-8AEC-4C38-B223-B1A0418AF160}.Debug|Any CPU.ActiveCfg = Debug|Any CPU
		{BD8FEF06-8AEC-4C38-B223-B1A0418AF160}.Debug|Any CPU.Build.0 = Debug|Any CPU
		{BD8FEF06-8AEC-4C38-B223-B1A0418AF160}.Release|Any CPU.ActiveCfg = Release|Any CPU
		{BD8FEF06-8AEC-4C38-B223-B1A0418AF160}.Release|Any CPU.Build.0 = Release|Any CPU
		{273295FA-10E1-4D0E-80A7-0D79AE8F08E8}.Debug|Any CPU.ActiveCfg = Debug|Any CPU
		{273295FA-10E1-4D0E-80A7-0D79AE8F08E8}.Debug|Any CPU.Build.0 = Debug|Any CPU
		{273295FA-10E1-4D0E-80A7-0D79AE8F08E8}.Release|Any CPU.ActiveCfg = Release|Any CPU
		{273295FA-10E1-4D0E-80A7-0D79AE8F08E8}.Release|Any CPU.Build.0 = Release|Any CPU
		{309A789E-A196-4862-A471-516109F68A41}.Debug|Any CPU.ActiveCfg = Debug|Any CPU
		{309A789E-A196-4862-A471-516109F68A41}.Debug|Any CPU.Build.0 = Debug|Any CPU
		{309A789E-A196-4862-A471-516109F68A41}.Release|Any CPU.ActiveCfg = Release|Any CPU
		{309A789E-A196-4862-A471-516109F68A41}.Release|Any CPU.Build.0 = Release|Any CPU
		{B30EF611-8B04-49C4-A745-D67D02B3E54E}.Debug|Any CPU.ActiveCfg = Debug|Any CPU
		{B30EF611-8B04-49C4-A745-D67D02B3E54E}.Debug|Any CPU.Build.0 = Debug|Any CPU
		{B30EF611-8B04-49C4-A745-D67D02B3E54E}.Release|Any CPU.ActiveCfg = Release|Any CPU
		{B30EF611-8B04-49C4-A745-D67D02B3E54E}.Release|Any CPU.Build.0 = Release|Any CPU
	EndGlobalSection
	GlobalSection(SolutionProperties) = preSolution
		HideSolutionNode = FALSE
	EndGlobalSection
	GlobalSection(ExtensibilityGlobals) = postSolution
		SolutionGuid = {7E954A01-7BC7-47FA-B9CD-B367059A5EA3}
	EndGlobalSection
EndGlobal
